
Microsoft Visual Studio Solution File, Format Version 12.00
# Visual Studio Version 17
VisualStudioVersion = 17.2.32519.379
MinimumVisualStudioVersion = 10.0.40219.1
Project("{FAE04EC0-301F-11D3-BF4B-00C04F79EFBC}") = "TO MARKS", "TO MARKS.csproj", "{AD859770-89C2-4941-AF96-679B92A21FA1}"
EndProject
Global
	GlobalSection(SolutionConfigurationPlatforms) = preSolution
		Debug|Any CPU = Debug|Any CPU
		Release|Any CPU = Release|Any CPU
	EndGlobalSection
	GlobalSection(ProjectConfigurationPlatforms) = postSolution
		{AD859770-89C2-4941-AF96-679B92A21FA1}.Debug|Any CPU.ActiveCfg = Debug|Any CPU
		{AD859770-89C2-4941-AF96-679B92A21FA1}.Debug|Any CPU.Build.0 = Debug|Any CPU
		{AD859770-89C2-4941-AF96-679B92A21FA1}.Release|Any CPU.ActiveCfg = Release|Any CPU
		{AD859770-89C2-4941-AF96-679B92A21FA1}.Release|Any CPU.Build.0 = Release|Any CPU
	EndGlobalSection
	GlobalSection(SolutionProperties) = preSolution
		HideSolutionNode = FALSE
	EndGlobalSection
	GlobalSection(ExtensibilityGlobals) = postSolution
		SolutionGuid = {69E34D5B-B3DB-439A-BB71-ECD36E4F7F98}
	EndGlobalSection
EndGlobal
